
Microsoft Visual Studio Solution File, Format Version 12.00
# Visual Studio Version 16
VisualStudioVersion = 16.0.30804.86
MinimumVisualStudioVersion = 10.0.40219.1
Project("{9A19103F-16F7-4668-BE54-9A1E7A4F7556}") = "WebApplicationTest", "WebApplicationTest\WebApplicationTest.csproj", "{A05B601F-BECD-4B1C-8300-FBC04672B0D7}"
EndProject
Project("{9A19103F-16F7-4668-BE54-9A1E7A4F7556}") = "RazorClassLibrary1", "RazorClassLibrary1\RazorClassLibrary1.csproj", "{13915ECE-783F-4F2E-BE05-2FE83BCFB2A7}"
EndProject
Project("{FAE04EC0-301F-11D3-BF4B-00C04F79EFBC}") = "UnitTestProjectForTest", "UnitTestProjectForTest\UnitTestProjectForTest.csproj", "{C30E91B1-787E-4E83-BC82-84F9F19D04AE}"
EndProject
Global
	GlobalSection(SolutionConfigurationPlatforms) = preSolution
		Debug|Any CPU = Debug|Any CPU
		Release|Any CPU = Release|Any CPU
	EndGlobalSection
	GlobalSection(ProjectConfigurationPlatforms) = postSolution
		{A05B601F-BECD-4B1C-8300-FBC04672B0D7}.Debug|Any CPU.ActiveCfg = Debug|Any CPU
		{A05B601F-BECD-4B1C-8300-FBC04672B0D7}.Debug|Any CPU.Build.0 = Debug|Any CPU
		{A05B601F-BECD-4B1C-8300-FBC04672B0D7}.Release|Any CPU.ActiveCfg = Release|Any CPU
		{A05B601F-BECD-4B1C-8300-FBC04672B0D7}.Release|Any CPU.Build.0 = Release|Any CPU
		{13915ECE-783F-4F2E-BE05-2FE83BCFB2A7}.Debug|Any CPU.ActiveCfg = Debug|Any CPU
		{13915ECE-783F-4F2E-BE05-2FE83BCFB2A7}.Debug|Any CPU.Build.0 = Debug|Any CPU
		{13915ECE-783F-4F2E-BE05-2FE83BCFB2A7}.Release|Any CPU.ActiveCfg = Release|Any CPU
		{13915ECE-783F-4F2E-BE05-2FE83BCFB2A7}.Release|Any CPU.Build.0 = Release|Any CPU
		{C30E91B1-787E-4E83-BC82-84F9F19D04AE}.Debug|Any CPU.ActiveCfg = Debug|Any CPU
		{C30E91B1-787E-4E83-BC82-84F9F19D04AE}.Debug|Any CPU.Build.0 = Debug|Any CPU
		{C30E91B1-787E-4E83-BC82-84F9F19D04AE}.Release|Any CPU.ActiveCfg = Release|Any CPU
		{C30E91B1-787E-4E83-BC82-84F9F19D04AE}.Release|Any CPU.Build.0 = Release|Any CPU
	EndGlobalSection
	GlobalSection(SolutionProperties) = preSolution
		HideSolutionNode = FALSE
	EndGlobalSection
	GlobalSection(ExtensibilityGlobals) = postSolution
		SolutionGuid = {98CA5B9C-8DAD-4C4D-8499-7EA495BEEB84}
	EndGlobalSection
EndGlobal
