
Microsoft Visual Studio Solution File, Format Version 12.00
# Visual Studio Version 16
VisualStudioVersion = 16.0.30804.86
MinimumVisualStudioVersion = 10.0.40219.1
Project("{9A19103F-16F7-4668-BE54-9A1E7A4F7556}") = "WebApplicationTest", "WebApplicationTest\WebApplicationTest.csproj", "{A05B601F-BECD-4B1C-8300-FBC04672B0D7}"
EndProject
Project("{9A19103F-16F7-4668-BE54-9A1E7A4F7556}") = "RazorClassLibrary", "RazorClassLibrary1\RazorClassLibrary.csproj", "{13915ECE-783F-4F2E-BE05-2FE83BCFB2A7}"
EndProject
Project("{9A19103F-16F7-4668-BE54-9A1E7A4F7556}") = "UnitTestProjectForTest", "UnitTestProjectForTest\UnitTestProjectForTest.csproj", "{C30E91B1-787E-4E83-BC82-84F9F19D04AE}"
EndProject
Project("{6EC3EE1D-3C4E-46DD-8F32-0CC8E7565705}") = "CoreConsoleAppFSharp", "CoreConsoleAppFSharp\CoreConsoleAppFSharp.fsproj", "{640B3C67-3F37-4DBF-8CBD-9ED3D8E91B0A}"
EndProject
Project("{9092AA53-FB77-4645-B42D-1CCCA6BD08BD}") = "ExpressAppNodeJs", "ExpressAppNodeJs\ExpressAppNodeJs.njsproj", "{CB718CE6-201C-4C9D-908F-8DEE31638A6C}"
EndProject
Project("{00D1A9C2-B5F0-4AF3-8072-F6C62B433612}") = "DatabaseProjectQLang", "DatabaseProjectQLang\DatabaseProjectQLang.sqlproj", "{E310C224-6BCD-426C-A13C-1A8A10874A1B}"
EndProject
Project("{9092AA53-FB77-4645-B42D-1CCCA6BD08BD}") = "NodejsWebApp", "NodejsWebApp\NodejsWebApp.njsproj", "{4C5A2D63-D956-46FA-9638-1F10F1F15F42}"
EndProject
Project("{F184B08F-C81C-45F6-A57F-5ABD9991F28F}") = "WpfAppVB", "WpfAppVB\WpfAppVB.vbproj", "{0307D979-5252-4963-8270-BD7A258892EE}"
EndProject
Project("{778DAE3C-4631-46EA-AA77-85C1314464D9}") = "VBCoreConsoleApp", "VBCoreConsoleApp\VBCoreConsoleApp.vbproj", "{AE36A595-DA62-4078-9557-494DE6A988A5}"
EndProject
Project("{2150E333-8FDC-42A3-9474-1A3956D46DE8}") = "VBProjects", "VBProjects", "{603546F3-76AF-4072-A2CF-AFEDF5140307}"
EndProject
Project("{2150E333-8FDC-42A3-9474-1A3956D46DE8}") = "Other", "Other", "{A8CBF769-4A40-416A-BC2E-4BD39E1BC24E}"
EndProject
Project("{2150E333-8FDC-42A3-9474-1A3956D46DE8}") = "DatabaseProjects", "DatabaseProjects", "{710B3F96-2EC5-49FA-AAEB-5C7727D3CBEE}"
EndProject
Project("{2150E333-8FDC-42A3-9474-1A3956D46DE8}") = "Tests", "Tests", "{68E963A3-6CC1-4F50-8661-27BE177A1C63}"
EndProject
Project("{2150E333-8FDC-42A3-9474-1A3956D46DE8}") = "Web", "Web", "{09FA9BF4-647F-402D-B64B-8375C13AA7A5}"
EndProject
Project("{778DAE3C-4631-46EA-AA77-85C1314464D9}") = "XUnitTestProjectCore", "XUnitTestProjectCore\XUnitTestProjectCore.vbproj", "{E756E928-B946-43FB-8626-7B179D2D806A}"
EndProject
Project("{9A19103F-16F7-4668-BE54-9A1E7A4F7556}") = "ClassLibraryNetStd", "..\OtherLocation\Subfolder\ClassLibraryNetStd\ClassLibraryNetStd.csproj", "{865F824C-53E8-4EC8-83C7-E51103E0868D}"
EndProject
Project("{C7167F0D-BC9F-4E6E-AFE1-012C56B48DB5}") = "DeplWapProjTemplate", "DeplWapProjTemplate\DeplWapProjTemplate.wapproj", "{77CC828D-AD2D-4CD9-86EB-550B3B955FCF}"
EndProject
Global
	GlobalSection(SolutionConfigurationPlatforms) = preSolution
		Debug|Any CPU = Debug|Any CPU
		Debug|ARM = Debug|ARM
		Debug|ARM64 = Debug|ARM64
		Debug|x64 = Debug|x64
		Debug|x86 = Debug|x86
		Release|Any CPU = Release|Any CPU
		Release|ARM = Release|ARM
		Release|ARM64 = Release|ARM64
		Release|x64 = Release|x64
		Release|x86 = Release|x86
	EndGlobalSection
	GlobalSection(ProjectConfigurationPlatforms) = postSolution
		{A05B601F-BECD-4B1C-8300-FBC04672B0D7}.Debug|Any CPU.ActiveCfg = Debug|Any CPU
		{A05B601F-BECD-4B1C-8300-FBC04672B0D7}.Debug|Any CPU.Build.0 = Debug|Any CPU
		{A05B601F-BECD-4B1C-8300-FBC04672B0D7}.Debug|ARM.ActiveCfg = Debug|Any CPU
		{A05B601F-BECD-4B1C-8300-FBC04672B0D7}.Debug|ARM.Build.0 = Debug|Any CPU
		{A05B601F-BECD-4B1C-8300-FBC04672B0D7}.Debug|ARM64.ActiveCfg = Debug|Any CPU
		{A05B601F-BECD-4B1C-8300-FBC04672B0D7}.Debug|ARM64.Build.0 = Debug|Any CPU
		{A05B601F-BECD-4B1C-8300-FBC04672B0D7}.Debug|x64.ActiveCfg = Debug|Any CPU
		{A05B601F-BECD-4B1C-8300-FBC04672B0D7}.Debug|x64.Build.0 = Debug|Any CPU
		{A05B601F-BECD-4B1C-8300-FBC04672B0D7}.Debug|x86.ActiveCfg = Debug|Any CPU
		{A05B601F-BECD-4B1C-8300-FBC04672B0D7}.Debug|x86.Build.0 = Debug|Any CPU
		{A05B601F-BECD-4B1C-8300-FBC04672B0D7}.Release|Any CPU.ActiveCfg = Release|Any CPU
		{A05B601F-BECD-4B1C-8300-FBC04672B0D7}.Release|Any CPU.Build.0 = Release|Any CPU
		{A05B601F-BECD-4B1C-8300-FBC04672B0D7}.Release|ARM.ActiveCfg = Release|Any CPU
		{A05B601F-BECD-4B1C-8300-FBC04672B0D7}.Release|ARM.Build.0 = Release|Any CPU
		{A05B601F-BECD-4B1C-8300-FBC04672B0D7}.Release|ARM64.ActiveCfg = Release|Any CPU
		{A05B601F-BECD-4B1C-8300-FBC04672B0D7}.Release|ARM64.Build.0 = Release|Any CPU
		{A05B601F-BECD-4B1C-8300-FBC04672B0D7}.Release|x64.ActiveCfg = Release|Any CPU
		{A05B601F-BECD-4B1C-8300-FBC04672B0D7}.Release|x64.Build.0 = Release|Any CPU
		{A05B601F-BECD-4B1C-8300-FBC04672B0D7}.Release|x86.ActiveCfg = Release|Any CPU
		{A05B601F-BECD-4B1C-8300-FBC04672B0D7}.Release|x86.Build.0 = Release|Any CPU
		{13915ECE-783F-4F2E-BE05-2FE83BCFB2A7}.Debug|Any CPU.ActiveCfg = Debug|Any CPU
		{13915ECE-783F-4F2E-BE05-2FE83BCFB2A7}.Debug|Any CPU.Build.0 = Debug|Any CPU
		{13915ECE-783F-4F2E-BE05-2FE83BCFB2A7}.Debug|ARM.ActiveCfg = Debug|Any CPU
		{13915ECE-783F-4F2E-BE05-2FE83BCFB2A7}.Debug|ARM.Build.0 = Debug|Any CPU
		{13915ECE-783F-4F2E-BE05-2FE83BCFB2A7}.Debug|ARM64.ActiveCfg = Debug|Any CPU
		{13915ECE-783F-4F2E-BE05-2FE83BCFB2A7}.Debug|ARM64.Build.0 = Debug|Any CPU
		{13915ECE-783F-4F2E-BE05-2FE83BCFB2A7}.Debug|x64.ActiveCfg = Debug|Any CPU
		{13915ECE-783F-4F2E-BE05-2FE83BCFB2A7}.Debug|x64.Build.0 = Debug|Any CPU
		{13915ECE-783F-4F2E-BE05-2FE83BCFB2A7}.Debug|x86.ActiveCfg = Debug|Any CPU
		{13915ECE-783F-4F2E-BE05-2FE83BCFB2A7}.Debug|x86.Build.0 = Debug|Any CPU
		{13915ECE-783F-4F2E-BE05-2FE83BCFB2A7}.Release|Any CPU.ActiveCfg = Release|Any CPU
		{13915ECE-783F-4F2E-BE05-2FE83BCFB2A7}.Release|Any CPU.Build.0 = Release|Any CPU
		{13915ECE-783F-4F2E-BE05-2FE83BCFB2A7}.Release|ARM.ActiveCfg = Release|Any CPU
		{13915ECE-783F-4F2E-BE05-2FE83BCFB2A7}.Release|ARM.Build.0 = Release|Any CPU
		{13915ECE-783F-4F2E-BE05-2FE83BCFB2A7}.Release|ARM64.ActiveCfg = Release|Any CPU
		{13915ECE-783F-4F2E-BE05-2FE83BCFB2A7}.Release|ARM64.Build.0 = Release|Any CPU
		{13915ECE-783F-4F2E-BE05-2FE83BCFB2A7}.Release|x64.ActiveCfg = Release|Any CPU
		{13915ECE-783F-4F2E-BE05-2FE83BCFB2A7}.Release|x64.Build.0 = Release|Any CPU
		{13915ECE-783F-4F2E-BE05-2FE83BCFB2A7}.Release|x86.ActiveCfg = Release|Any CPU
		{13915ECE-783F-4F2E-BE05-2FE83BCFB2A7}.Release|x86.Build.0 = Release|Any CPU
		{C30E91B1-787E-4E83-BC82-84F9F19D04AE}.Debug|Any CPU.ActiveCfg = Debug|Any CPU
		{C30E91B1-787E-4E83-BC82-84F9F19D04AE}.Debug|Any CPU.Build.0 = Debug|Any CPU
		{C30E91B1-787E-4E83-BC82-84F9F19D04AE}.Debug|ARM.ActiveCfg = Debug|Any CPU
		{C30E91B1-787E-4E83-BC82-84F9F19D04AE}.Debug|ARM.Build.0 = Debug|Any CPU
		{C30E91B1-787E-4E83-BC82-84F9F19D04AE}.Debug|ARM64.ActiveCfg = Debug|Any CPU
		{C30E91B1-787E-4E83-BC82-84F9F19D04AE}.Debug|ARM64.Build.0 = Debug|Any CPU
		{C30E91B1-787E-4E83-BC82-84F9F19D04AE}.Debug|x64.ActiveCfg = Debug|Any CPU
		{C30E91B1-787E-4E83-BC82-84F9F19D04AE}.Debug|x64.Build.0 = Debug|Any CPU
		{C30E91B1-787E-4E83-BC82-84F9F19D04AE}.Debug|x86.ActiveCfg = Debug|Any CPU
		{C30E91B1-787E-4E83-BC82-84F9F19D04AE}.Debug|x86.Build.0 = Debug|Any CPU
		{C30E91B1-787E-4E83-BC82-84F9F19D04AE}.Release|Any CPU.ActiveCfg = Release|Any CPU
		{C30E91B1-787E-4E83-BC82-84F9F19D04AE}.Release|Any CPU.Build.0 = Release|Any CPU
		{C30E91B1-787E-4E83-BC82-84F9F19D04AE}.Release|ARM.ActiveCfg = Release|Any CPU
		{C30E91B1-787E-4E83-BC82-84F9F19D04AE}.Release|ARM.Build.0 = Release|Any CPU
		{C30E91B1-787E-4E83-BC82-84F9F19D04AE}.Release|ARM64.ActiveCfg = Release|Any CPU
		{C30E91B1-787E-4E83-BC82-84F9F19D04AE}.Release|ARM64.Build.0 = Release|Any CPU
		{C30E91B1-787E-4E83-BC82-84F9F19D04AE}.Release|x64.ActiveCfg = Release|Any CPU
		{C30E91B1-787E-4E83-BC82-84F9F19D04AE}.Release|x64.Build.0 = Release|Any CPU
		{C30E91B1-787E-4E83-BC82-84F9F19D04AE}.Release|x86.ActiveCfg = Release|Any CPU
		{C30E91B1-787E-4E83-BC82-84F9F19D04AE}.Release|x86.Build.0 = Release|Any CPU
		{640B3C67-3F37-4DBF-8CBD-9ED3D8E91B0A}.Debug|Any CPU.ActiveCfg = Debug|Any CPU
		{640B3C67-3F37-4DBF-8CBD-9ED3D8E91B0A}.Debug|Any CPU.Build.0 = Debug|Any CPU
		{640B3C67-3F37-4DBF-8CBD-9ED3D8E91B0A}.Debug|ARM.ActiveCfg = Debug|Any CPU
		{640B3C67-3F37-4DBF-8CBD-9ED3D8E91B0A}.Debug|ARM.Build.0 = Debug|Any CPU
		{640B3C67-3F37-4DBF-8CBD-9ED3D8E91B0A}.Debug|ARM64.ActiveCfg = Debug|Any CPU
		{640B3C67-3F37-4DBF-8CBD-9ED3D8E91B0A}.Debug|ARM64.Build.0 = Debug|Any CPU
		{640B3C67-3F37-4DBF-8CBD-9ED3D8E91B0A}.Debug|x64.ActiveCfg = Debug|Any CPU
		{640B3C67-3F37-4DBF-8CBD-9ED3D8E91B0A}.Debug|x64.Build.0 = Debug|Any CPU
		{640B3C67-3F37-4DBF-8CBD-9ED3D8E91B0A}.Debug|x86.ActiveCfg = Debug|Any CPU
		{640B3C67-3F37-4DBF-8CBD-9ED3D8E91B0A}.Debug|x86.Build.0 = Debug|Any CPU
		{640B3C67-3F37-4DBF-8CBD-9ED3D8E91B0A}.Release|Any CPU.ActiveCfg = Release|Any CPU
		{640B3C67-3F37-4DBF-8CBD-9ED3D8E91B0A}.Release|Any CPU.Build.0 = Release|Any CPU
		{640B3C67-3F37-4DBF-8CBD-9ED3D8E91B0A}.Release|ARM.ActiveCfg = Release|Any CPU
		{640B3C67-3F37-4DBF-8CBD-9ED3D8E91B0A}.Release|ARM.Build.0 = Release|Any CPU
		{640B3C67-3F37-4DBF-8CBD-9ED3D8E91B0A}.Release|ARM64.ActiveCfg = Release|Any CPU
		{640B3C67-3F37-4DBF-8CBD-9ED3D8E91B0A}.Release|ARM64.Build.0 = Release|Any CPU
		{640B3C67-3F37-4DBF-8CBD-9ED3D8E91B0A}.Release|x64.ActiveCfg = Release|Any CPU
		{640B3C67-3F37-4DBF-8CBD-9ED3D8E91B0A}.Release|x64.Build.0 = Release|Any CPU
		{640B3C67-3F37-4DBF-8CBD-9ED3D8E91B0A}.Release|x86.ActiveCfg = Release|Any CPU
		{640B3C67-3F37-4DBF-8CBD-9ED3D8E91B0A}.Release|x86.Build.0 = Release|Any CPU
		{CB718CE6-201C-4C9D-908F-8DEE31638A6C}.Debug|Any CPU.ActiveCfg = Debug|Any CPU
		{CB718CE6-201C-4C9D-908F-8DEE31638A6C}.Debug|Any CPU.Build.0 = Debug|Any CPU
		{CB718CE6-201C-4C9D-908F-8DEE31638A6C}.Debug|ARM.ActiveCfg = Debug|Any CPU
		{CB718CE6-201C-4C9D-908F-8DEE31638A6C}.Debug|ARM.Build.0 = Debug|Any CPU
		{CB718CE6-201C-4C9D-908F-8DEE31638A6C}.Debug|ARM64.ActiveCfg = Debug|Any CPU
		{CB718CE6-201C-4C9D-908F-8DEE31638A6C}.Debug|ARM64.Build.0 = Debug|Any CPU
		{CB718CE6-201C-4C9D-908F-8DEE31638A6C}.Debug|x64.ActiveCfg = Debug|Any CPU
		{CB718CE6-201C-4C9D-908F-8DEE31638A6C}.Debug|x64.Build.0 = Debug|Any CPU
		{CB718CE6-201C-4C9D-908F-8DEE31638A6C}.Debug|x86.ActiveCfg = Debug|Any CPU
		{CB718CE6-201C-4C9D-908F-8DEE31638A6C}.Debug|x86.Build.0 = Debug|Any CPU
		{CB718CE6-201C-4C9D-908F-8DEE31638A6C}.Release|Any CPU.ActiveCfg = Release|Any CPU
		{CB718CE6-201C-4C9D-908F-8DEE31638A6C}.Release|Any CPU.Build.0 = Release|Any CPU
		{CB718CE6-201C-4C9D-908F-8DEE31638A6C}.Release|ARM.ActiveCfg = Release|Any CPU
		{CB718CE6-201C-4C9D-908F-8DEE31638A6C}.Release|ARM.Build.0 = Release|Any CPU
		{CB718CE6-201C-4C9D-908F-8DEE31638A6C}.Release|ARM64.ActiveCfg = Release|Any CPU
		{CB718CE6-201C-4C9D-908F-8DEE31638A6C}.Release|ARM64.Build.0 = Release|Any CPU
		{CB718CE6-201C-4C9D-908F-8DEE31638A6C}.Release|x64.ActiveCfg = Release|Any CPU
		{CB718CE6-201C-4C9D-908F-8DEE31638A6C}.Release|x64.Build.0 = Release|Any CPU
		{CB718CE6-201C-4C9D-908F-8DEE31638A6C}.Release|x86.ActiveCfg = Release|Any CPU
		{CB718CE6-201C-4C9D-908F-8DEE31638A6C}.Release|x86.Build.0 = Release|Any CPU
		{E310C224-6BCD-426C-A13C-1A8A10874A1B}.Debug|Any CPU.ActiveCfg = Debug|Any CPU
		{E310C224-6BCD-426C-A13C-1A8A10874A1B}.Debug|Any CPU.Build.0 = Debug|Any CPU
		{E310C224-6BCD-426C-A13C-1A8A10874A1B}.Debug|Any CPU.Deploy.0 = Debug|Any CPU
		{E310C224-6BCD-426C-A13C-1A8A10874A1B}.Debug|ARM.ActiveCfg = Debug|Any CPU
		{E310C224-6BCD-426C-A13C-1A8A10874A1B}.Debug|ARM.Build.0 = Debug|Any CPU
		{E310C224-6BCD-426C-A13C-1A8A10874A1B}.Debug|ARM.Deploy.0 = Debug|Any CPU
		{E310C224-6BCD-426C-A13C-1A8A10874A1B}.Debug|ARM64.ActiveCfg = Debug|Any CPU
		{E310C224-6BCD-426C-A13C-1A8A10874A1B}.Debug|ARM64.Build.0 = Debug|Any CPU
		{E310C224-6BCD-426C-A13C-1A8A10874A1B}.Debug|ARM64.Deploy.0 = Debug|Any CPU
		{E310C224-6BCD-426C-A13C-1A8A10874A1B}.Debug|x64.ActiveCfg = Debug|Any CPU
		{E310C224-6BCD-426C-A13C-1A8A10874A1B}.Debug|x64.Build.0 = Debug|Any CPU
		{E310C224-6BCD-426C-A13C-1A8A10874A1B}.Debug|x64.Deploy.0 = Debug|Any CPU
		{E310C224-6BCD-426C-A13C-1A8A10874A1B}.Debug|x86.ActiveCfg = Debug|Any CPU
		{E310C224-6BCD-426C-A13C-1A8A10874A1B}.Debug|x86.Build.0 = Debug|Any CPU
		{E310C224-6BCD-426C-A13C-1A8A10874A1B}.Debug|x86.Deploy.0 = Debug|Any CPU
		{E310C224-6BCD-426C-A13C-1A8A10874A1B}.Release|Any CPU.ActiveCfg = Release|Any CPU
		{E310C224-6BCD-426C-A13C-1A8A10874A1B}.Release|Any CPU.Build.0 = Release|Any CPU
		{E310C224-6BCD-426C-A13C-1A8A10874A1B}.Release|Any CPU.Deploy.0 = Release|Any CPU
		{E310C224-6BCD-426C-A13C-1A8A10874A1B}.Release|ARM.ActiveCfg = Release|Any CPU
		{E310C224-6BCD-426C-A13C-1A8A10874A1B}.Release|ARM.Build.0 = Release|Any CPU
		{E310C224-6BCD-426C-A13C-1A8A10874A1B}.Release|ARM.Deploy.0 = Release|Any CPU
		{E310C224-6BCD-426C-A13C-1A8A10874A1B}.Release|ARM64.ActiveCfg = Release|Any CPU
		{E310C224-6BCD-426C-A13C-1A8A10874A1B}.Release|ARM64.Build.0 = Release|Any CPU
		{E310C224-6BCD-426C-A13C-1A8A10874A1B}.Release|ARM64.Deploy.0 = Release|Any CPU
		{E310C224-6BCD-426C-A13C-1A8A10874A1B}.Release|x64.ActiveCfg = Release|Any CPU
		{E310C224-6BCD-426C-A13C-1A8A10874A1B}.Release|x64.Build.0 = Release|Any CPU
		{E310C224-6BCD-426C-A13C-1A8A10874A1B}.Release|x64.Deploy.0 = Release|Any CPU
		{E310C224-6BCD-426C-A13C-1A8A10874A1B}.Release|x86.ActiveCfg = Release|Any CPU
		{E310C224-6BCD-426C-A13C-1A8A10874A1B}.Release|x86.Build.0 = Release|Any CPU
		{E310C224-6BCD-426C-A13C-1A8A10874A1B}.Release|x86.Deploy.0 = Release|Any CPU
		{4C5A2D63-D956-46FA-9638-1F10F1F15F42}.Debug|Any CPU.ActiveCfg = Debug|Any CPU
		{4C5A2D63-D956-46FA-9638-1F10F1F15F42}.Debug|Any CPU.Build.0 = Debug|Any CPU
		{4C5A2D63-D956-46FA-9638-1F10F1F15F42}.Debug|ARM.ActiveCfg = Debug|Any CPU
		{4C5A2D63-D956-46FA-9638-1F10F1F15F42}.Debug|ARM.Build.0 = Debug|Any CPU
		{4C5A2D63-D956-46FA-9638-1F10F1F15F42}.Debug|ARM64.ActiveCfg = Debug|Any CPU
		{4C5A2D63-D956-46FA-9638-1F10F1F15F42}.Debug|ARM64.Build.0 = Debug|Any CPU
		{4C5A2D63-D956-46FA-9638-1F10F1F15F42}.Debug|x64.ActiveCfg = Debug|Any CPU
		{4C5A2D63-D956-46FA-9638-1F10F1F15F42}.Debug|x64.Build.0 = Debug|Any CPU
		{4C5A2D63-D956-46FA-9638-1F10F1F15F42}.Debug|x86.ActiveCfg = Debug|Any CPU
		{4C5A2D63-D956-46FA-9638-1F10F1F15F42}.Debug|x86.Build.0 = Debug|Any CPU
		{4C5A2D63-D956-46FA-9638-1F10F1F15F42}.Release|Any CPU.ActiveCfg = Release|Any CPU
		{4C5A2D63-D956-46FA-9638-1F10F1F15F42}.Release|Any CPU.Build.0 = Release|Any CPU
		{4C5A2D63-D956-46FA-9638-1F10F1F15F42}.Release|ARM.ActiveCfg = Release|Any CPU
		{4C5A2D63-D956-46FA-9638-1F10F1F15F42}.Release|ARM.Build.0 = Release|Any CPU
		{4C5A2D63-D956-46FA-9638-1F10F1F15F42}.Release|ARM64.ActiveCfg = Release|Any CPU
		{4C5A2D63-D956-46FA-9638-1F10F1F15F42}.Release|ARM64.Build.0 = Release|Any CPU
		{4C5A2D63-D956-46FA-9638-1F10F1F15F42}.Release|x64.ActiveCfg = Release|Any CPU
		{4C5A2D63-D956-46FA-9638-1F10F1F15F42}.Release|x64.Build.0 = Release|Any CPU
		{4C5A2D63-D956-46FA-9638-1F10F1F15F42}.Release|x86.ActiveCfg = Release|Any CPU
		{4C5A2D63-D956-46FA-9638-1F10F1F15F42}.Release|x86.Build.0 = Release|Any CPU
		{0307D979-5252-4963-8270-BD7A258892EE}.Debug|Any CPU.ActiveCfg = Debug|Any CPU
		{0307D979-5252-4963-8270-BD7A258892EE}.Debug|Any CPU.Build.0 = Debug|Any CPU
		{0307D979-5252-4963-8270-BD7A258892EE}.Debug|ARM.ActiveCfg = Debug|Any CPU
		{0307D979-5252-4963-8270-BD7A258892EE}.Debug|ARM.Build.0 = Debug|Any CPU
		{0307D979-5252-4963-8270-BD7A258892EE}.Debug|ARM64.ActiveCfg = Debug|Any CPU
		{0307D979-5252-4963-8270-BD7A258892EE}.Debug|ARM64.Build.0 = Debug|Any CPU
		{0307D979-5252-4963-8270-BD7A258892EE}.Debug|x64.ActiveCfg = Debug|Any CPU
		{0307D979-5252-4963-8270-BD7A258892EE}.Debug|x64.Build.0 = Debug|Any CPU
		{0307D979-5252-4963-8270-BD7A258892EE}.Debug|x86.ActiveCfg = Debug|Any CPU
		{0307D979-5252-4963-8270-BD7A258892EE}.Debug|x86.Build.0 = Debug|Any CPU
		{0307D979-5252-4963-8270-BD7A258892EE}.Release|Any CPU.ActiveCfg = Release|Any CPU
		{0307D979-5252-4963-8270-BD7A258892EE}.Release|Any CPU.Build.0 = Release|Any CPU
		{0307D979-5252-4963-8270-BD7A258892EE}.Release|ARM.ActiveCfg = Release|Any CPU
		{0307D979-5252-4963-8270-BD7A258892EE}.Release|ARM.Build.0 = Release|Any CPU
		{0307D979-5252-4963-8270-BD7A258892EE}.Release|ARM64.ActiveCfg = Release|Any CPU
		{0307D979-5252-4963-8270-BD7A258892EE}.Release|ARM64.Build.0 = Release|Any CPU
		{0307D979-5252-4963-8270-BD7A258892EE}.Release|x64.ActiveCfg = Release|Any CPU
		{0307D979-5252-4963-8270-BD7A258892EE}.Release|x64.Build.0 = Release|Any CPU
		{0307D979-5252-4963-8270-BD7A258892EE}.Release|x86.ActiveCfg = Release|Any CPU
		{0307D979-5252-4963-8270-BD7A258892EE}.Release|x86.Build.0 = Release|Any CPU
		{AE36A595-DA62-4078-9557-494DE6A988A5}.Debug|Any CPU.ActiveCfg = Debug|Any CPU
		{AE36A595-DA62-4078-9557-494DE6A988A5}.Debug|Any CPU.Build.0 = Debug|Any CPU
		{AE36A595-DA62-4078-9557-494DE6A988A5}.Debug|ARM.ActiveCfg = Debug|Any CPU
		{AE36A595-DA62-4078-9557-494DE6A988A5}.Debug|ARM.Build.0 = Debug|Any CPU
		{AE36A595-DA62-4078-9557-494DE6A988A5}.Debug|ARM64.ActiveCfg = Debug|Any CPU
		{AE36A595-DA62-4078-9557-494DE6A988A5}.Debug|ARM64.Build.0 = Debug|Any CPU
		{AE36A595-DA62-4078-9557-494DE6A988A5}.Debug|x64.ActiveCfg = Debug|Any CPU
		{AE36A595-DA62-4078-9557-494DE6A988A5}.Debug|x64.Build.0 = Debug|Any CPU
		{AE36A595-DA62-4078-9557-494DE6A988A5}.Debug|x86.ActiveCfg = Debug|Any CPU
		{AE36A595-DA62-4078-9557-494DE6A988A5}.Debug|x86.Build.0 = Debug|Any CPU
		{AE36A595-DA62-4078-9557-494DE6A988A5}.Release|Any CPU.ActiveCfg = Release|Any CPU
		{AE36A595-DA62-4078-9557-494DE6A988A5}.Release|Any CPU.Build.0 = Release|Any CPU
		{AE36A595-DA62-4078-9557-494DE6A988A5}.Release|ARM.ActiveCfg = Release|Any CPU
		{AE36A595-DA62-4078-9557-494DE6A988A5}.Release|ARM.Build.0 = Release|Any CPU
		{AE36A595-DA62-4078-9557-494DE6A988A5}.Release|ARM64.ActiveCfg = Release|Any CPU
		{AE36A595-DA62-4078-9557-494DE6A988A5}.Release|ARM64.Build.0 = Release|Any CPU
		{AE36A595-DA62-4078-9557-494DE6A988A5}.Release|x64.ActiveCfg = Release|Any CPU
		{AE36A595-DA62-4078-9557-494DE6A988A5}.Release|x64.Build.0 = Release|Any CPU
		{AE36A595-DA62-4078-9557-494DE6A988A5}.Release|x86.ActiveCfg = Release|Any CPU
		{AE36A595-DA62-4078-9557-494DE6A988A5}.Release|x86.Build.0 = Release|Any CPU
		{E756E928-B946-43FB-8626-7B179D2D806A}.Debug|Any CPU.ActiveCfg = Debug|Any CPU
		{E756E928-B946-43FB-8626-7B179D2D806A}.Debug|Any CPU.Build.0 = Debug|Any CPU
		{E756E928-B946-43FB-8626-7B179D2D806A}.Debug|ARM.ActiveCfg = Debug|Any CPU
		{E756E928-B946-43FB-8626-7B179D2D806A}.Debug|ARM.Build.0 = Debug|Any CPU
		{E756E928-B946-43FB-8626-7B179D2D806A}.Debug|ARM64.ActiveCfg = Debug|Any CPU
		{E756E928-B946-43FB-8626-7B179D2D806A}.Debug|ARM64.Build.0 = Debug|Any CPU
		{E756E928-B946-43FB-8626-7B179D2D806A}.Debug|x64.ActiveCfg = Debug|Any CPU
		{E756E928-B946-43FB-8626-7B179D2D806A}.Debug|x64.Build.0 = Debug|Any CPU
		{E756E928-B946-43FB-8626-7B179D2D806A}.Debug|x86.ActiveCfg = Debug|Any CPU
		{E756E928-B946-43FB-8626-7B179D2D806A}.Debug|x86.Build.0 = Debug|Any CPU
		{E756E928-B946-43FB-8626-7B179D2D806A}.Release|Any CPU.ActiveCfg = Release|Any CPU
		{E756E928-B946-43FB-8626-7B179D2D806A}.Release|Any CPU.Build.0 = Release|Any CPU
		{E756E928-B946-43FB-8626-7B179D2D806A}.Release|ARM.ActiveCfg = Release|Any CPU
		{E756E928-B946-43FB-8626-7B179D2D806A}.Release|ARM.Build.0 = Release|Any CPU
		{E756E928-B946-43FB-8626-7B179D2D806A}.Release|ARM64.ActiveCfg = Release|Any CPU
		{E756E928-B946-43FB-8626-7B179D2D806A}.Release|ARM64.Build.0 = Release|Any CPU
		{E756E928-B946-43FB-8626-7B179D2D806A}.Release|x64.ActiveCfg = Release|Any CPU
		{E756E928-B946-43FB-8626-7B179D2D806A}.Release|x64.Build.0 = Release|Any CPU
		{E756E928-B946-43FB-8626-7B179D2D806A}.Release|x86.ActiveCfg = Release|Any CPU
		{E756E928-B946-43FB-8626-7B179D2D806A}.Release|x86.Build.0 = Release|Any CPU
		{865F824C-53E8-4EC8-83C7-E51103E0868D}.Debug|Any CPU.ActiveCfg = Debug|Any CPU
		{865F824C-53E8-4EC8-83C7-E51103E0868D}.Debug|Any CPU.Build.0 = Debug|Any CPU
		{865F824C-53E8-4EC8-83C7-E51103E0868D}.Debug|ARM.ActiveCfg = Debug|Any CPU
		{865F824C-53E8-4EC8-83C7-E51103E0868D}.Debug|ARM.Build.0 = Debug|Any CPU
		{865F824C-53E8-4EC8-83C7-E51103E0868D}.Debug|ARM64.ActiveCfg = Debug|Any CPU
		{865F824C-53E8-4EC8-83C7-E51103E0868D}.Debug|ARM64.Build.0 = Debug|Any CPU
		{865F824C-53E8-4EC8-83C7-E51103E0868D}.Debug|x64.ActiveCfg = Debug|Any CPU
		{865F824C-53E8-4EC8-83C7-E51103E0868D}.Debug|x64.Build.0 = Debug|Any CPU
		{865F824C-53E8-4EC8-83C7-E51103E0868D}.Debug|x86.ActiveCfg = Debug|Any CPU
		{865F824C-53E8-4EC8-83C7-E51103E0868D}.Debug|x86.Build.0 = Debug|Any CPU
		{865F824C-53E8-4EC8-83C7-E51103E0868D}.Release|Any CPU.ActiveCfg = Release|Any CPU
		{865F824C-53E8-4EC8-83C7-E51103E0868D}.Release|Any CPU.Build.0 = Release|Any CPU
		{865F824C-53E8-4EC8-83C7-E51103E0868D}.Release|ARM.ActiveCfg = Release|Any CPU
		{865F824C-53E8-4EC8-83C7-E51103E0868D}.Release|ARM.Build.0 = Release|Any CPU
		{865F824C-53E8-4EC8-83C7-E51103E0868D}.Release|ARM64.ActiveCfg = Release|Any CPU
		{865F824C-53E8-4EC8-83C7-E51103E0868D}.Release|ARM64.Build.0 = Release|Any CPU
		{865F824C-53E8-4EC8-83C7-E51103E0868D}.Release|x64.ActiveCfg = Release|Any CPU
		{865F824C-53E8-4EC8-83C7-E51103E0868D}.Release|x64.Build.0 = Release|Any CPU
		{865F824C-53E8-4EC8-83C7-E51103E0868D}.Release|x86.ActiveCfg = Release|Any CPU
		{865F824C-53E8-4EC8-83C7-E51103E0868D}.Release|x86.Build.0 = Release|Any CPU
		{77CC828D-AD2D-4CD9-86EB-550B3B955FCF}.Debug|Any CPU.ActiveCfg = Debug|Any CPU
		{77CC828D-AD2D-4CD9-86EB-550B3B955FCF}.Debug|Any CPU.Build.0 = Debug|Any CPU
		{77CC828D-AD2D-4CD9-86EB-550B3B955FCF}.Debug|Any CPU.Deploy.0 = Debug|Any CPU
		{77CC828D-AD2D-4CD9-86EB-550B3B955FCF}.Debug|ARM.ActiveCfg = Debug|ARM
		{77CC828D-AD2D-4CD9-86EB-550B3B955FCF}.Debug|ARM.Build.0 = Debug|ARM
		{77CC828D-AD2D-4CD9-86EB-550B3B955FCF}.Debug|ARM.Deploy.0 = Debug|ARM
		{77CC828D-AD2D-4CD9-86EB-550B3B955FCF}.Debug|ARM64.ActiveCfg = Debug|ARM64
		{77CC828D-AD2D-4CD9-86EB-550B3B955FCF}.Debug|ARM64.Build.0 = Debug|ARM64
		{77CC828D-AD2D-4CD9-86EB-550B3B955FCF}.Debug|ARM64.Deploy.0 = Debug|ARM64
		{77CC828D-AD2D-4CD9-86EB-550B3B955FCF}.Debug|x64.ActiveCfg = Debug|x64
		{77CC828D-AD2D-4CD9-86EB-550B3B955FCF}.Debug|x64.Build.0 = Debug|x64
		{77CC828D-AD2D-4CD9-86EB-550B3B955FCF}.Debug|x64.Deploy.0 = Debug|x64
		{77CC828D-AD2D-4CD9-86EB-550B3B955FCF}.Debug|x86.ActiveCfg = Debug|x86
		{77CC828D-AD2D-4CD9-86EB-550B3B955FCF}.Debug|x86.Build.0 = Debug|x86
		{77CC828D-AD2D-4CD9-86EB-550B3B955FCF}.Debug|x86.Deploy.0 = Debug|x86
		{77CC828D-AD2D-4CD9-86EB-550B3B955FCF}.Release|Any CPU.ActiveCfg = Release|Any CPU
		{77CC828D-AD2D-4CD9-86EB-550B3B955FCF}.Release|Any CPU.Build.0 = Release|Any CPU
		{77CC828D-AD2D-4CD9-86EB-550B3B955FCF}.Release|Any CPU.Deploy.0 = Release|Any CPU
		{77CC828D-AD2D-4CD9-86EB-550B3B955FCF}.Release|ARM.ActiveCfg = Release|ARM
		{77CC828D-AD2D-4CD9-86EB-550B3B955FCF}.Release|ARM.Build.0 = Release|ARM
		{77CC828D-AD2D-4CD9-86EB-550B3B955FCF}.Release|ARM.Deploy.0 = Release|ARM
		{77CC828D-AD2D-4CD9-86EB-550B3B955FCF}.Release|ARM64.ActiveCfg = Release|ARM64
		{77CC828D-AD2D-4CD9-86EB-550B3B955FCF}.Release|ARM64.Build.0 = Release|ARM64
		{77CC828D-AD2D-4CD9-86EB-550B3B955FCF}.Release|ARM64.Deploy.0 = Release|ARM64
		{77CC828D-AD2D-4CD9-86EB-550B3B955FCF}.Release|x64.ActiveCfg = Release|x64
		{77CC828D-AD2D-4CD9-86EB-550B3B955FCF}.Release|x64.Build.0 = Release|x64
		{77CC828D-AD2D-4CD9-86EB-550B3B955FCF}.Release|x64.Deploy.0 = Release|x64
		{77CC828D-AD2D-4CD9-86EB-550B3B955FCF}.Release|x86.ActiveCfg = Release|x86
		{77CC828D-AD2D-4CD9-86EB-550B3B955FCF}.Release|x86.Build.0 = Release|x86
		{77CC828D-AD2D-4CD9-86EB-550B3B955FCF}.Release|x86.Deploy.0 = Release|x86
	EndGlobalSection
	GlobalSection(SolutionProperties) = preSolution
		HideSolutionNode = FALSE
	EndGlobalSection
	GlobalSection(NestedProjects) = preSolution
		{A05B601F-BECD-4B1C-8300-FBC04672B0D7} = {09FA9BF4-647F-402D-B64B-8375C13AA7A5}
		{13915ECE-783F-4F2E-BE05-2FE83BCFB2A7} = {09FA9BF4-647F-402D-B64B-8375C13AA7A5}
		{C30E91B1-787E-4E83-BC82-84F9F19D04AE} = {68E963A3-6CC1-4F50-8661-27BE177A1C63}
		{640B3C67-3F37-4DBF-8CBD-9ED3D8E91B0A} = {A8CBF769-4A40-416A-BC2E-4BD39E1BC24E}
		{CB718CE6-201C-4C9D-908F-8DEE31638A6C} = {09FA9BF4-647F-402D-B64B-8375C13AA7A5}
		{E310C224-6BCD-426C-A13C-1A8A10874A1B} = {710B3F96-2EC5-49FA-AAEB-5C7727D3CBEE}
		{4C5A2D63-D956-46FA-9638-1F10F1F15F42} = {09FA9BF4-647F-402D-B64B-8375C13AA7A5}
		{0307D979-5252-4963-8270-BD7A258892EE} = {603546F3-76AF-4072-A2CF-AFEDF5140307}
		{AE36A595-DA62-4078-9557-494DE6A988A5} = {603546F3-76AF-4072-A2CF-AFEDF5140307}
		{710B3F96-2EC5-49FA-AAEB-5C7727D3CBEE} = {A8CBF769-4A40-416A-BC2E-4BD39E1BC24E}
		{68E963A3-6CC1-4F50-8661-27BE177A1C63} = {A8CBF769-4A40-416A-BC2E-4BD39E1BC24E}
		{E756E928-B946-43FB-8626-7B179D2D806A} = {68E963A3-6CC1-4F50-8661-27BE177A1C63}
		{865F824C-53E8-4EC8-83C7-E51103E0868D} = {A8CBF769-4A40-416A-BC2E-4BD39E1BC24E}
	EndGlobalSection
	GlobalSection(ExtensibilityGlobals) = postSolution
		SolutionGuid = {98CA5B9C-8DAD-4C4D-8499-7EA495BEEB84}
	EndGlobalSection
EndGlobal
